
Microsoft Visual Studio Solution File, Format Version 12.00
# Visual Studio Version 17
VisualStudioVersion = 17.1.32328.378
MinimumVisualStudioVersion = 10.0.40219.1
Project("{FAE04EC0-301F-11D3-BF4B-00C04F79EFBC}") = "CircleCalculator", "CircleCalculator\CircleCalculator.csproj", "{39FD386A-2A03-4AE5-B066-19CB9DC82DE7}"
EndProject
Global
	GlobalSection(SolutionConfigurationPlatforms) = preSolution
		Debug|Any CPU = Debug|Any CPU
		Release|Any CPU = Release|Any CPU
	EndGlobalSection
	GlobalSection(ProjectConfigurationPlatforms) = postSolution
		{39FD386A-2A03-4AE5-B066-19CB9DC82DE7}.Debug|Any CPU.ActiveCfg = Debug|Any CPU
		{39FD386A-2A03-4AE5-B066-19CB9DC82DE7}.Debug|Any CPU.Build.0 = Debug|Any CPU
		{39FD386A-2A03-4AE5-B066-19CB9DC82DE7}.Release|Any CPU.ActiveCfg = Release|Any CPU
		{39FD386A-2A03-4AE5-B066-19CB9DC82DE7}.Release|Any CPU.Build.0 = Release|Any CPU
	EndGlobalSection
	GlobalSection(SolutionProperties) = preSolution
		HideSolutionNode = FALSE
	EndGlobalSection
	GlobalSection(ExtensibilityGlobals) = postSolution
		SolutionGuid = {B2BAAEC6-2FF4-4241-B5DF-EC769A4BA155}
	EndGlobalSection
EndGlobal
